
Microsoft Visual Studio Solution File, Format Version 11.00
# Visual C# Express 2010
Project("{FAE04EC0-301F-11D3-BF4B-00C04F79EFBC}") = "ChuckAmuckPlatformer", "ChuckAmuckPlatformer\ChuckAmuckPlatformer\ChuckAmuckPlatformer.csproj", "{30AD3579-D8AD-4D04-8E84-81FAAB963C55}"
EndProject
Project("{FAE04EC0-301F-11D3-BF4B-00C04F79EFBC}") = "ChuckAmuckPlatformerContent", "ChuckAmuckPlatformer\ChuckAmuckPlatformerContent\ChuckAmuckPlatformerContent.contentproj", "{8D185ECA-91FD-4970-AE5C-7D6DE6DC699E}"
EndProject
Global
	GlobalSection(SolutionConfigurationPlatforms) = preSolution
		Debug|x86 = Debug|x86
		Release|x86 = Release|x86
	EndGlobalSection
	GlobalSection(ProjectConfigurationPlatforms) = postSolution
		{30AD3579-D8AD-4D04-8E84-81FAAB963C55}.Debug|x86.ActiveCfg = Debug|x86
		{30AD3579-D8AD-4D04-8E84-81FAAB963C55}.Debug|x86.Build.0 = Debug|x86
		{30AD3579-D8AD-4D04-8E84-81FAAB963C55}.Release|x86.ActiveCfg = Release|x86
		{30AD3579-D8AD-4D04-8E84-81FAAB963C55}.Release|x86.Build.0 = Release|x86
		{8D185ECA-91FD-4970-AE5C-7D6DE6DC699E}.Debug|x86.ActiveCfg = Debug|x86
		{8D185ECA-91FD-4970-AE5C-7D6DE6DC699E}.Release|x86.ActiveCfg = Release|x86
	EndGlobalSection
	GlobalSection(SolutionProperties) = preSolution
		HideSolutionNode = FALSE
	EndGlobalSection
EndGlobal
